
Microsoft Visual Studio Solution File, Format Version 12.00
# Visual Studio Version 17
VisualStudioVersion = 17.10.34902.84
MinimumVisualStudioVersion = 10.0.40219.1
Project("{FAE04EC0-301F-11D3-BF4B-00C04F79EFBC}") = "CGPA_Calculator", "CGPA_Calculator.csproj", "{3C6E337B-7933-4835-8560-441ECC41321F}"
EndProject
Project("{54435603-DBB4-11D2-8724-00A0C9A8B90C}") = "CGPA_Calc", "..\CGPA_Calc\CGPA_Calc.vdproj", "{5EAF7C08-2FDE-4601-B7EA-08712BFB5D2C}"
EndProject
Global
	GlobalSection(SolutionConfigurationPlatforms) = preSolution
		Debug|Any CPU = Debug|Any CPU
		Release|Any CPU = Release|Any CPU
	EndGlobalSection
	GlobalSection(ProjectConfigurationPlatforms) = postSolution
		{3C6E337B-7933-4835-8560-441ECC41321F}.Debug|Any CPU.ActiveCfg = Debug|Any CPU
		{3C6E337B-7933-4835-8560-441ECC41321F}.Debug|Any CPU.Build.0 = Debug|Any CPU
		{3C6E337B-7933-4835-8560-441ECC41321F}.Release|Any CPU.ActiveCfg = Release|Any CPU
		{3C6E337B-7933-4835-8560-441ECC41321F}.Release|Any CPU.Build.0 = Release|Any CPU
		{5EAF7C08-2FDE-4601-B7EA-08712BFB5D2C}.Debug|Any CPU.ActiveCfg = Debug
		{5EAF7C08-2FDE-4601-B7EA-08712BFB5D2C}.Release|Any CPU.ActiveCfg = Release
	EndGlobalSection
	GlobalSection(SolutionProperties) = preSolution
		HideSolutionNode = FALSE
	EndGlobalSection
	GlobalSection(ExtensibilityGlobals) = postSolution
		SolutionGuid = {BC879979-8388-42E0-802C-0BF4DD5D198D}
	EndGlobalSection
EndGlobal
